
Microsoft Visual Studio Solution File, Format Version 12.00
# Visual Studio Version 17
VisualStudioVersion = 17.14.36109.1 d17.14
MinimumVisualStudioVersion = 10.0.40219.1
Project("{FAE04EC0-301F-11D3-BF4B-00C04F79EFBC}") = "InboundFormatter", "InboundFormatter\InboundFormatter.csproj", "{08687D20-B25B-4494-A3F5-C19298A79837}"
EndProject
Global
	GlobalSection(SolutionConfigurationPlatforms) = preSolution
		Debug|Any CPU = Debug|Any CPU
		Release|Any CPU = Release|Any CPU
	EndGlobalSection
	GlobalSection(ProjectConfigurationPlatforms) = postSolution
		{08687D20-B25B-4494-A3F5-C19298A79837}.Debug|Any CPU.ActiveCfg = Debug|Any CPU
		{08687D20-B25B-4494-A3F5-C19298A79837}.Debug|Any CPU.Build.0 = Debug|Any CPU
		{08687D20-B25B-4494-A3F5-C19298A79837}.Release|Any CPU.ActiveCfg = Release|Any CPU
		{08687D20-B25B-4494-A3F5-C19298A79837}.Release|Any CPU.Build.0 = Release|Any CPU
	EndGlobalSection
	GlobalSection(SolutionProperties) = preSolution
		HideSolutionNode = FALSE
	EndGlobalSection
	GlobalSection(ExtensibilityGlobals) = postSolution
		SolutionGuid = {1DB5EBFA-2BF4-4A43-B52A-BAE9EC0BF9F8}
	EndGlobalSection
EndGlobal
